
Microsoft Visual Studio Solution File, Format Version 12.00
# Visual Studio Version 16
VisualStudioVersion = 16.0.31729.503
MinimumVisualStudioVersion = 10.0.40219.1
Project("{FAE04EC0-301F-11D3-BF4B-00C04F79EFBC}") = "Lab6", "Lab6\Lab6.csproj", "{F4823985-D0E3-4F08-939B-93417DED77F6}"
EndProject
Global
	GlobalSection(SolutionConfigurationPlatforms) = preSolution
		Debug|Any CPU = Debug|Any CPU
		Release|Any CPU = Release|Any CPU
	EndGlobalSection
	GlobalSection(ProjectConfigurationPlatforms) = postSolution
		{F4823985-D0E3-4F08-939B-93417DED77F6}.Debug|Any CPU.ActiveCfg = Debug|Any CPU
		{F4823985-D0E3-4F08-939B-93417DED77F6}.Debug|Any CPU.Build.0 = Debug|Any CPU
		{F4823985-D0E3-4F08-939B-93417DED77F6}.Release|Any CPU.ActiveCfg = Release|Any CPU
		{F4823985-D0E3-4F08-939B-93417DED77F6}.Release|Any CPU.Build.0 = Release|Any CPU
	EndGlobalSection
	GlobalSection(SolutionProperties) = preSolution
		HideSolutionNode = FALSE
	EndGlobalSection
	GlobalSection(ExtensibilityGlobals) = postSolution
		SolutionGuid = {8F3D0FA9-9B4B-42A2-939B-865DB8BA0EE0}
	EndGlobalSection
EndGlobal
